// !$*UTF8*$!
{
	archiveVersion = 1;
	classes = {
	};
	objectVersion = 56;
	objects = {

/* Begin PBXBuildFile section */
		FD04557D2B0F7AB6000C2B23 /* part1App.swift in Sources */ = {isa = PBXBuildFile; fileRef = FD04557C2B0F7AB6000C2B23 /* part1App.swift */; };
		FD04557F2B0F7AB6000C2B23 /* ContentView.swift in Sources */ = {isa = PBXBuildFile; fileRef = FD04557E2B0F7AB6000C2B23 /* ContentView.swift */; };
		FD0455812B0F7AB7000C2B23 /* Assets.xcassets in Resources */ = {isa = PBXBuildFile; fileRef = FD0455802B0F7AB7000C2B23 /* Assets.xcassets */; };
		FD0455842B0F7AB7000C2B23 /* Preview Assets.xcassets in Resources */ = {isa = PBXBuildFile; fileRef = FD0455832B0F7AB7000C2B23 /* Preview Assets.xcassets */; };
		FD04558E2B0F7AB7000C2B23 /* part1Tests.swift in Sources */ = {isa = PBXBuildFile; fileRef = FD04558D2B0F7AB7000C2B23 /* part1Tests.swift */; };
		FD0455982B0F7AB7000C2B23 /* part1UITests.swift in Sources */ = {isa = PBXBuildFile; fileRef = FD0455972B0F7AB7000C2B23 /* part1UITests.swift */; };
		FD04559A2B0F7AB7000C2B23 /* part1UITestsLaunchTests.swift in Sources */ = {isa = PBXBuildFile; fileRef = FD0455992B0F7AB7000C2B23 /* part1UITestsLaunchTests.swift */; };
		FD0455A72B0F7C13000C2B23 /* VariableView.swift in Sources */ = {isa = PBXBuildFile; fileRef = FD0455A62B0F7C13000C2B23 /* VariableView.swift */; };
/* End PBXBuildFile section */

/* Begin PBXContainerItemProxy section */
		FD04558A2B0F7AB7000C2B23 /* PBXContainerItemProxy */ = {
			isa = PBXContainerItemProxy;
			containerPortal = FD0455712B0F7AB6000C2B23 /* Project object */;
			proxyType = 1;
			remoteGlobalIDString = FD0455782B0F7AB6000C2B23;
			remoteInfo = part1;
		};
		FD0455942B0F7AB7000C2B23 /* PBXContainerItemProxy */ = {
			isa = PBXContainerItemProxy;
			containerPortal = FD0455712B0F7AB6000C2B23 /* Project object */;
			proxyType = 1;
			remoteGlobalIDString = FD0455782B0F7AB6000C2B23;
			remoteInfo = part1;
		};
/* End PBXContainerItemProxy section */

/* Begin PBXFileReference section */
		FD0455792B0F7AB6000C2B23 /* part1.app */ = {isa = PBXFileReference; explicitFileType = wrapper.application; includeInIndex = 0; path = part1.app; sourceTree = BUILT_PRODUCTS_DIR; };
		FD04557C2B0F7AB6000C2B23 /* part1App.swift */ = {isa = PBXFileReference; lastKnownFileType = sourcecode.swift; path = part1App.swift; sourceTree = "<group>"; };
		FD04557E2B0F7AB6000C2B23 /* ContentView.swift */ = {isa = PBXFileReference; lastKnownFileType = sourcecode.swift; path = ContentView.swift; sourceTree = "<group>"; };
		FD0455802B0F7AB7000C2B23 /* Assets.xcassets */ = {isa = PBXFileReference; lastKnownFileType = folder.assetcatalog; path = Assets.xcassets; sourceTree = "<group>"; };
		FD0455832B0F7AB7000C2B23 /* Preview Assets.xcassets */ = {isa = PBXFileReference; lastKnownFileType = folder.assetcatalog; path = "Preview Assets.xcassets"; sourceTree = "<group>"; };
		FD0455892B0F7AB7000C2B23 /* part1Tests.xctest */ = {isa = PBXFileReference; explicitFileType = wrapper.cfbundle; includeInIndex = 0; path = part1Tests.xctest; sourceTree = BUILT_PRODUCTS_DIR; };
		FD04558D2B0F7AB7000C2B23 /* part1Tests.swift */ = {isa = PBXFileReference; lastKnownFileType = sourcecode.swift; path = part1Tests.swift; sourceTree = "<group>"; };
		FD0455932B0F7AB7000C2B23 /* part1UITests.xctest */ = {isa = PBXFileReference; explicitFileType = wrapper.cfbundle; includeInIndex = 0; path = part1UITests.xctest; sourceTree = BUILT_PRODUCTS_DIR; };
		FD0455972B0F7AB7000C2B23 /* part1UITests.swift */ = {isa = PBXFileReference; lastKnownFileType = sourcecode.swift; path = part1UITests.swift; sourceTree = "<group>"; };
		FD0455992B0F7AB7000C2B23 /* part1UITestsLaunchTests.swift */ = {isa = PBXFileReference; lastKnownFileType = sourcecode.swift; path = part1UITestsLaunchTests.swift; sourceTree = "<group>"; };
		FD0455A62B0F7C13000C2B23 /* VariableView.swift */ = {isa = PBXFileReference; lastKnownFileType = sourcecode.swift; path = VariableView.swift; sourceTree = "<group>"; };
/* End PBXFileReference section */

/* Begin PBXFrameworksBuildPhase section */
		FD0455762B0F7AB6000C2B23 /* Frameworks */ = {
			isa = PBXFrameworksBuildPhase;
			buildActionMask = 2147483647;
			files = (
			);
			runOnlyForDeploymentPostprocessing = 0;
		};
		FD0455862B0F7AB7000C2B23 /* Frameworks */ = {
			isa = PBXFrameworksBuildPhase;
			buildActionMask = 2147483647;
			files = (
			);
			runOnlyForDeploymentPostprocessing = 0;
		};
		FD0455902B0F7AB7000C2B23 /* Frameworks */ = {
			isa = PBXFrameworksBuildPhase;
			buildActionMask = 2147483647;
			files = (
			);
			runOnlyForDeploymentPostprocessing = 0;
		};
/* End PBXFrameworksBuildPhase section */

/* Begin PBXGroup section */
		FD0455702B0F7AB6000C2B23 = {
			isa = PBXGroup;
			children = (
				FD04557B2B0F7AB6000C2B23 /* part1 */,
				FD04558C2B0F7AB7000C2B23 /* part1Tests */,
				FD0455962B0F7AB7000C2B23 /* part1UITests */,
				FD04557A2B0F7AB6000C2B23 /* Products */,
			);
			sourceTree = "<group>";
		};
		FD04557A2B0F7AB6000C2B23 /* Products */ = {
			isa = PBXGroup;
			children = (
				FD0455792B0F7AB6000C2B23 /* part1.app */,
				FD0455892B0F7AB7000C2B23 /* part1Tests.xctest */,
				FD0455932B0F7AB7000C2B23 /* part1UITests.xctest */,
			);
			name = Products;
			sourceTree = "<group>";
		};
		FD04557B2B0F7AB6000C2B23 /* part1 */ = {
			isa = PBXGroup;
			children = (
				FD04557C2B0F7AB6000C2B23 /* part1App.swift */,
				FD04557E2B0F7AB6000C2B23 /* ContentView.swift */,
				FD0455802B0F7AB7000C2B23 /* Assets.xcassets */,
				FD0455822B0F7AB7000C2B23 /* Preview Content */,
				FD0455A62B0F7C13000C2B23 /* VariableView.swift */,
			);
			path = part1;
			sourceTree = "<group>";
		};
		FD0455822B0F7AB7000C2B23 /* Preview Content */ = {
			isa = PBXGroup;
			children = (
				FD0455832B0F7AB7000C2B23 /* Preview Assets.xcassets */,
			);
			path = "Preview Content";
			sourceTree = "<group>";
		};
		FD04558C2B0F7AB7000C2B23 /* part1Tests */ = {
			isa = PBXGroup;
			children = (
				FD04558D2B0F7AB7000C2B23 /* part1Tests.swift */,
			);
			path = part1Tests;
			sourceTree = "<group>";
		};
		FD0455962B0F7AB7000C2B23 /* part1UITests */ = {
			isa = PBXGroup;
			children = (
				FD0455972B0F7AB7000C2B23 /* part1UITests.swift */,
				FD0455992B0F7AB7000C2B23 /* part1UITestsLaunchTests.swift */,
			);
			path = part1UITests;
			sourceTree = "<group>";
		};
/* End PBXGroup section */

/* Begin PBXNativeTarget section */
		FD0455782B0F7AB6000C2B23 /* part1 */ = {
			isa = PBXNativeTarget;
			buildConfigurationList = FD04559D2B0F7AB7000C2B23 /* Build configuration list for PBXNativeTarget "part1" */;
			buildPhases = (
				FD0455752B0F7AB6000C2B23 /* Sources */,
				FD0455762B0F7AB6000C2B23 /* Frameworks */,
				FD0455772B0F7AB6000C2B23 /* Resources */,
			);
			buildRules = (
			);
			dependencies = (
			);
			name = part1;
			productName = part1;
			productReference = FD0455792B0F7AB6000C2B23 /* part1.app */;
			productType = "com.apple.product-type.application";
		};
		FD0455882B0F7AB7000C2B23 /* part1Tests */ = {
			isa = PBXNativeTarget;
			buildConfigurationList = FD0455A02B0F7AB7000C2B23 /* Build configuration list for PBXNativeTarget "part1Tests" */;
			buildPhases = (
				FD0455852B0F7AB7000C2B23 /* Sources */,
				FD0455862B0F7AB7000C2B23 /* Frameworks */,
				FD0455872B0F7AB7000C2B23 /* Resources */,
			);
			buildRules = (
			);
			dependencies = (
				FD04558B2B0F7AB7000C2B23 /* PBXTargetDependency */,
			);
			name = part1Tests;
			productName = part1Tests;
			productReference = FD0455892B0F7AB7000C2B23 /* part1Tests.xctest */;
			productType = "com.apple.product-type.bundle.unit-test";
		};
		FD0455922B0F7AB7000C2B23 /* part1UITests */ = {
			isa = PBXNativeTarget;
			buildConfigurationList = FD0455A32B0F7AB7000C2B23 /* Build configuration list for PBXNativeTarget "part1UITests" */;
			buildPhases = (
				FD04558F2B0F7AB7000C2B23 /* Sources */,
				FD0455902B0F7AB7000C2B23 /* Frameworks */,
				FD0455912B0F7AB7000C2B23 /* Resources */,
			);
			buildRules = (
			);
			dependencies = (
				FD0455952B0F7AB7000C2B23 /* PBXTargetDependency */,
			);
			name = part1UITests;
			productName = part1UITests;
			productReference = FD0455932B0F7AB7000C2B23 /* part1UITests.xctest */;
			productType = "com.apple.product-type.bundle.ui-testing";
		};
/* End PBXNativeTarget section */

/* Begin PBXProject section */
		FD0455712B0F7AB6000C2B23 /* Project object */ = {
			isa = PBXProject;
			attributes = {
				BuildIndependentTargetsInParallel = 1;
				LastSwiftUpdateCheck = 1430;
				LastUpgradeCheck = 1430;
				TargetAttributes = {
					FD0455782B0F7AB6000C2B23 = {
						CreatedOnToolsVersion = 14.3.1;
					};
					FD0455882B0F7AB7000C2B23 = {
						CreatedOnToolsVersion = 14.3.1;
						TestTargetID = FD0455782B0F7AB6000C2B23;
					};
					FD0455922B0F7AB7000C2B23 = {
						CreatedOnToolsVersion = 14.3.1;
						TestTargetID = FD0455782B0F7AB6000C2B23;
					};
				};
			};
			buildConfigurationList = FD0455742B0F7AB6000C2B23 /* Build configuration list for PBXProject "part1" */;
			compatibilityVersion = "Xcode 14.0";
			developmentRegion = en;
			hasScannedForEncodings = 0;
			knownRegions = (
				en,
				Base,
			);
			mainGroup = FD0455702B0F7AB6000C2B23;
			productRefGroup = FD04557A2B0F7AB6000C2B23 /* Products */;
			projectDirPath = "";
			projectRoot = "";
			targets = (
				FD0455782B0F7AB6000C2B23 /* part1 */,
				FD0455882B0F7AB7000C2B23 /* part1Tests */,
				FD0455922B0F7AB7000C2B23 /* part1UITests */,
			);
		};
/* End PBXProject section */

/* Begin PBXResourcesBuildPhase section */
		FD0455772B0F7AB6000C2B23 /* Resources */ = {
			isa = PBXResourcesBuildPhase;
			buildActionMask = 2147483647;
			files = (
				FD0455842B0F7AB7000C2B23 /* Preview Assets.xcassets in Resources */,
				FD0455812B0F7AB7000C2B23 /* Assets.xcassets in Resources */,
			);
			runOnlyForDeploymentPostprocessing = 0;
		};
		FD0455872B0F7AB7000C2B23 /* Resources */ = {
			isa = PBXResourcesBuildPhase;
			buildActionMask = 2147483647;
			files = (
			);
			runOnlyForDeploymentPostprocessing = 0;
		};
		FD0455912B0F7AB7000C2B23 /* Resources */ = {
			isa = PBXResourcesBuildPhase;
			buildActionMask = 2147483647;
			files = (
			);
			runOnlyForDeploymentPostprocessing = 0;
		};
/* End PBXResourcesBuildPhase section */

/* Begin PBXSourcesBuildPhase section */
		FD0455752B0F7AB6000C2B23 /* Sources */ = {
			isa = PBXSourcesBuildPhase;
			buildActionMask = 2147483647;
			files = (
				FD0455A72B0F7C13000C2B23 /* VariableView.swift in Sources */,
				FD04557F2B0F7AB6000C2B23 /* ContentView.swift in Sources */,
				FD04557D2B0F7AB6000C2B23 /* part1App.swift in Sources */,
			);
			runOnlyForDeploymentPostprocessing = 0;
		};
		FD0455852B0F7AB7000C2B23 /* Sources */ = {
			isa = PBXSourcesBuildPhase;
			buildActionMask = 2147483647;
			files = (
				FD04558E2B0F7AB7000C2B23 /* part1Tests.swift in Sources */,
			);
			runOnlyForDeploymentPostprocessing = 0;
		};
		FD04558F2B0F7AB7000C2B23 /* Sources */ = {
			isa = PBXSourcesBuildPhase;
			buildActionMask = 2147483647;
			files = (
				FD0455982B0F7AB7000C2B23 /* part1UITests.swift in Sources */,
				FD04559A2B0F7AB7000C2B23 /* part1UITestsLaunchTests.swift in Sources */,
			);
			runOnlyForDeploymentPostprocessing = 0;
		};
/* End PBXSourcesBuildPhase section */

/* Begin PBXTargetDependency section */
		FD04558B2B0F7AB7000C2B23 /* PBXTargetDependency */ = {
			isa = PBXTargetDependency;
			target = FD0455782B0F7AB6000C2B23 /* part1 */;
			targetProxy = FD04558A2B0F7AB7000C2B23 /* PBXContainerItemProxy */;
		};
		FD0455952B0F7AB7000C2B23 /* PBXTargetDependency */ = {
			isa = PBXTargetDependency;
			target = FD0455782B0F7AB6000C2B23 /* part1 */;
			targetProxy = FD0455942B0F7AB7000C2B23 /* PBXContainerItemProxy */;
		};
/* End PBXTargetDependency section */

/* Begin XCBuildConfiguration section */
		FD04559B2B0F7AB7000C2B23 /* Debug */ = {
			isa = XCBuildConfiguration;
			buildSettings = {
				ALWAYS_SEARCH_USER_PATHS = NO;
				CLANG_ANALYZER_NONNULL = YES;
				CLANG_ANALYZER_NUMBER_OBJECT_CONVERSION = YES_AGGRESSIVE;
				CLANG_CXX_LANGUAGE_STANDARD = "gnu++20";
				CLANG_ENABLE_MODULES = YES;
				CLANG_ENABLE_OBJC_ARC = YES;
				CLANG_ENABLE_OBJC_WEAK = YES;
				CLANG_WARN_BLOCK_CAPTURE_AUTORELEASING = YES;
				CLANG_WARN_BOOL_CONVERSION = YES;
				CLANG_WARN_COMMA = YES;
				CLANG_WARN_CONSTANT_CONVERSION = YES;
				CLANG_WARN_DEPRECATED_OBJC_IMPLEMENTATIONS = YES;
				CLANG_WARN_DIRECT_OBJC_ISA_USAGE = YES_ERROR;
				CLANG_WARN_DOCUMENTATION_COMMENTS = YES;
				CLANG_WARN_EMPTY_BODY = YES;
				CLANG_WARN_ENUM_CONVERSION = YES;
				CLANG_WARN_INFINITE_RECURSION = YES;
				CLANG_WARN_INT_CONVERSION = YES;
				CLANG_WARN_NON_LITERAL_NULL_CONVERSION = YES;
				CLANG_WARN_OBJC_IMPLICIT_RETAIN_SELF = YES;
				CLANG_WARN_OBJC_LITERAL_CONVERSION = YES;
				CLANG_WARN_OBJC_ROOT_CLASS = YES_ERROR;
				CLANG_WARN_QUOTED_INCLUDE_IN_FRAMEWORK_HEADER = YES;
				CLANG_WARN_RANGE_LOOP_ANALYSIS = YES;
				CLANG_WARN_STRICT_PROTOTYPES = YES;
				CLANG_WARN_SUSPICIOUS_MOVE = YES;
				CLANG_WARN_UNGUARDED_AVAILABILITY = YES_AGGRESSIVE;
				CLANG_WARN_UNREACHABLE_CODE = YES;
				CLANG_WARN__DUPLICATE_METHOD_MATCH = YES;
				COPY_PHASE_STRIP = NO;
				DEBUG_INFORMATION_FORMAT = dwarf;
				ENABLE_STRICT_OBJC_MSGSEND = YES;
				ENABLE_TESTABILITY = YES;
				GCC_C_LANGUAGE_STANDARD = gnu11;
				GCC_DYNAMIC_NO_PIC = NO;
				GCC_NO_COMMON_BLOCKS = YES;
				GCC_OPTIMIZATION_LEVEL = 0;
				GCC_PREPROCESSOR_DEFINITIONS = (
					"DEBUG=1",
					"$(inherited)",
				);
				GCC_WARN_64_TO_32_BIT_CONVERSION = YES;
				GCC_WARN_ABOUT_RETURN_TYPE = YES_ERROR;
				GCC_WARN_UNDECLARED_SELECTOR = YES;
				GCC_WARN_UNINITIALIZED_AUTOS = YES_AGGRESSIVE;
				GCC_WARN_UNUSED_FUNCTION = YES;
				GCC_WARN_UNUSED_VARIABLE = YES;
				IPHONEOS_DEPLOYMENT_TARGET = 16.4;
				MTL_ENABLE_DEBUG_INFO = INCLUDE_SOURCE;
				MTL_FAST_MATH = YES;
				ONLY_ACTIVE_ARCH = YES;
				SDKROOT = iphoneos;
				SWIFT_ACTIVE_COMPILATION_CONDITIONS = DEBUG;
				SWIFT_OPTIMIZATION_LEVEL = "-Onone";
			};
			name = Debug;
		};
		FD04559C2B0F7AB7000C2B23 /* Release */ = {
			isa = XCBuildConfiguration;
			buildSettings = {
				ALWAYS_SEARCH_USER_PATHS = NO;
				CLANG_ANALYZER_NONNULL = YES;
				CLANG_ANALYZER_NUMBER_OBJECT_CONVERSION = YES_AGGRESSIVE;
				CLANG_CXX_LANGUAGE_STANDARD = "gnu++20";
				CLANG_ENABLE_MODULES = YES;
				CLANG_ENABLE_OBJC_ARC = YES;
				CLANG_ENABLE_OBJC_WEAK = YES;
				CLANG_WARN_BLOCK_CAPTURE_AUTORELEASING = YES;
				CLANG_WARN_BOOL_CONVERSION = YES;
				CLANG_WARN_COMMA = YES;
				CLANG_WARN_CONSTANT_CONVERSION = YES;
				CLANG_WARN_DEPRECATED_OBJC_IMPLEMENTATIONS = YES;
				CLANG_WARN_DIRECT_OBJC_ISA_USAGE = YES_ERROR;
				CLANG_WARN_DOCUMENTATION_COMMENTS = YES;
				CLANG_WARN_EMPTY_BODY = YES;
				CLANG_WARN_ENUM_CONVERSION = YES;
				CLANG_WARN_INFINITE_RECURSION = YES;
				CLANG_WARN_INT_CONVERSION = YES;
				CLANG_WARN_NON_LITERAL_NULL_CONVERSION = YES;
				CLANG_WARN_OBJC_IMPLICIT_RETAIN_SELF = YES;
				CLANG_WARN_OBJC_LITERAL_CONVERSION = YES;
				CLANG_WARN_OBJC_ROOT_CLASS = YES_ERROR;
				CLANG_WARN_QUOTED_INCLUDE_IN_FRAMEWORK_HEADER = YES;
				CLANG_WARN_RANGE_LOOP_ANALYSIS = YES;
				CLANG_WARN_STRICT_PROTOTYPES = YES;
				CLANG_WARN_SUSPICIOUS_MOVE = YES;
				CLANG_WARN_UNGUARDED_AVAILABILITY = YES_AGGRESSIVE;
				CLANG_WARN_UNREACHABLE_CODE = YES;
				CLANG_WARN__DUPLICATE_METHOD_MATCH = YES;
				COPY_PHASE_STRIP = NO;
				DEBUG_INFORMATION_FORMAT = "dwarf-with-dsym";
				ENABLE_NS_ASSERTIONS = NO;
				ENABLE_STRICT_OBJC_MSGSEND = YES;
				GCC_C_LANGUAGE_STANDARD = gnu11;
				GCC_NO_COMMON_BLOCKS = YES;
				GCC_WARN_64_TO_32_BIT_CONVERSION = YES;
				GCC_WARN_ABOUT_RETURN_TYPE = YES_ERROR;
				GCC_WARN_UNDECLARED_SELECTOR = YES;
				GCC_WARN_UNINITIALIZED_AUTOS = YES_AGGRESSIVE;
				GCC_WARN_UNUSED_FUNCTION = YES;
				GCC_WARN_UNUSED_VARIABLE = YES;
				IPHONEOS_DEPLOYMENT_TARGET = 16.4;
				MTL_ENABLE_DEBUG_INFO = NO;
				MTL_FAST_MATH = YES;
				SDKROOT = iphoneos;
				SWIFT_COMPILATION_MODE = wholemodule;
				SWIFT_OPTIMIZATION_LEVEL = "-O";
				VALIDATE_PRODUCT = YES;
			};
			name = Release;
		};
		FD04559E2B0F7AB7000C2B23 /* Debug */ = {
			isa = XCBuildConfiguration;
			buildSettings = {
				ASSETCATALOG_COMPILER_APPICON_NAME = AppIcon;
				ASSETCATALOG_COMPILER_GLOBAL_ACCENT_COLOR_NAME = AccentColor;
				CODE_SIGN_STYLE = Automatic;
				CURRENT_PROJECT_VERSION = 1;
				DEVELOPMENT_ASSET_PATHS = "\"part1/Preview Content\"";
				DEVELOPMENT_TEAM = JBY3X8KKJH;
				ENABLE_PREVIEWS = YES;
				GENERATE_INFOPLIST_FILE = YES;
				INFOPLIST_KEY_UIApplicationSceneManifest_Generation = YES;
				INFOPLIST_KEY_UIApplicationSupportsIndirectInputEvents = YES;
				INFOPLIST_KEY_UILaunchScreen_Generation = YES;
				INFOPLIST_KEY_UISupportedInterfaceOrientations_iPad = "UIInterfaceOrientationPortrait UIInterfaceOrientationPortraitUpsideDown UIInterfaceOrientationLandscapeLeft UIInterfaceOrientationLandscapeRight";
				INFOPLIST_KEY_UISupportedInterfaceOrientations_iPhone = "UIInterfaceOrientationPortrait UIInterfaceOrientationLandscapeLeft UIInterfaceOrientationLandscapeRight";
				LD_RUNPATH_SEARCH_PATHS = (
					"$(inherited)",
					"@executable_path/Frameworks",
				);
				MARKETING_VERSION = 1.0;
				PRODUCT_BUNDLE_IDENTIFIER = com.seungdeok.part1;
				PRODUCT_NAME = "$(TARGET_NAME)";
				SWIFT_EMIT_LOC_STRINGS = YES;
				SWIFT_VERSION = 5.0;
				TARGETED_DEVICE_FAMILY = "1,2";
			};
			name = Debug;
		};
		FD04559F2B0F7AB7000C2B23 /* Release */ = {
			isa = XCBuildConfiguration;
			buildSettings = {
				ASSETCATALOG_COMPILER_APPICON_NAME = AppIcon;
				ASSETCATALOG_COMPILER_GLOBAL_ACCENT_COLOR_NAME = AccentColor;
				CODE_SIGN_STYLE = Automatic;
				CURRENT_PROJECT_VERSION = 1;
				DEVELOPMENT_ASSET_PATHS = "\"part1/Preview Content\"";
				DEVELOPMENT_TEAM = JBY3X8KKJH;
				ENABLE_PREVIEWS = YES;
				GENERATE_INFOPLIST_FILE = YES;
				INFOPLIST_KEY_UIApplicationSceneManifest_Generation = YES;
				INFOPLIST_KEY_UIApplicationSupportsIndirectInputEvents = YES;
				INFOPLIST_KEY_UILaunchScreen_Generation = YES;
				INFOPLIST_KEY_UISupportedInterfaceOrientations_iPad = "UIInterfaceOrientationPortrait UIInterfaceOrientationPortraitUpsideDown UIInterfaceOrientationLandscapeLeft UIInterfaceOrientationLandscapeRight";
				INFOPLIST_KEY_UISupportedInterfaceOrientations_iPhone = "UIInterfaceOrientationPortrait UIInterfaceOrientationLandscapeLeft UIInterfaceOrientationLandscapeRight";
				LD_RUNPATH_SEARCH_PATHS = (
					"$(inherited)",
					"@executable_path/Frameworks",
				);
				MARKETING_VERSION = 1.0;
				PRODUCT_BUNDLE_IDENTIFIER = com.seungdeok.part1;
				PRODUCT_NAME = "$(TARGET_NAME)";
				SWIFT_EMIT_LOC_STRINGS = YES;
				SWIFT_VERSION = 5.0;
				TARGETED_DEVICE_FAMILY = "1,2";
			};
			name = Release;
		};
		FD0455A12B0F7AB7000C2B23 /* Debug */ = {
			isa = XCBuildConfiguration;
			buildSettings = {
				ALWAYS_EMBED_SWIFT_STANDARD_LIBRARIES = YES;
				BUNDLE_LOADER = "$(TEST_HOST)";
				CODE_SIGN_STYLE = Automatic;
				CURRENT_PROJECT_VERSION = 1;
				DEVELOPMENT_TEAM = JBY3X8KKJH;
				GENERATE_INFOPLIST_FILE = YES;
				IPHONEOS_DEPLOYMENT_TARGET = 16.4;
				MARKETING_VERSION = 1.0;
				PRODUCT_BUNDLE_IDENTIFIER = com.seungdeok.part1Tests;
				PRODUCT_NAME = "$(TARGET_NAME)";
				SWIFT_EMIT_LOC_STRINGS = NO;
				SWIFT_VERSION = 5.0;
				TARGETED_DEVICE_FAMILY = "1,2";
				TEST_HOST = "$(BUILT_PRODUCTS_DIR)/part1.app/$(BUNDLE_EXECUTABLE_FOLDER_PATH)/part1";
			};
			name = Debug;
		};
		FD0455A22B0F7AB7000C2B23 /* Release */ = {
			isa = XCBuildConfiguration;
			buildSettings = {
				ALWAYS_EMBED_SWIFT_STANDARD_LIBRARIES = YES;
				BUNDLE_LOADER = "$(TEST_HOST)";
				CODE_SIGN_STYLE = Automatic;
				CURRENT_PROJECT_VERSION = 1;
				DEVELOPMENT_TEAM = JBY3X8KKJH;
				GENERATE_INFOPLIST_FILE = YES;
				IPHONEOS_DEPLOYMENT_TARGET = 16.4;
				MARKETING_VERSION = 1.0;
				PRODUCT_BUNDLE_IDENTIFIER = com.seungdeok.part1Tests;
				PRODUCT_NAME = "$(TARGET_NAME)";
				SWIFT_EMIT_LOC_STRINGS = NO;
				SWIFT_VERSION = 5.0;
				TARGETED_DEVICE_FAMILY = "1,2";
				TEST_HOST = "$(BUILT_PRODUCTS_DIR)/part1.app/$(BUNDLE_EXECUTABLE_FOLDER_PATH)/part1";
			};
			name = Release;
		};
		FD0455A42B0F7AB7000C2B23 /* Debug */ = {
			isa = XCBuildConfiguration;
			buildSettings = {
				ALWAYS_EMBED_SWIFT_STANDARD_LIBRARIES = YES;
				CODE_SIGN_STYLE = Automatic;
				CURRENT_PROJECT_VERSION = 1;
				DEVELOPMENT_TEAM = JBY3X8KKJH;
				GENERATE_INFOPLIST_FILE = YES;
				MARKETING_VERSION = 1.0;
				PRODUCT_BUNDLE_IDENTIFIER = com.seungdeok.part1UITests;
				PRODUCT_NAME = "$(TARGET_NAME)";
				SWIFT_EMIT_LOC_STRINGS = NO;
				SWIFT_VERSION = 5.0;
				TARGETED_DEVICE_FAMILY = "1,2";
				TEST_TARGET_NAME = part1;
			};
			name = Debug;
		};
		FD0455A52B0F7AB7000C2B23 /* Release */ = {
			isa = XCBuildConfiguration;
			buildSettings = {
				ALWAYS_EMBED_SWIFT_STANDARD_LIBRARIES = YES;
				CODE_SIGN_STYLE = Automatic;
				CURRENT_PROJECT_VERSION = 1;
				DEVELOPMENT_TEAM = JBY3X8KKJH;
				GENERATE_INFOPLIST_FILE = YES;
				MARKETING_VERSION = 1.0;
				PRODUCT_BUNDLE_IDENTIFIER = com.seungdeok.part1UITests;
				PRODUCT_NAME = "$(TARGET_NAME)";
				SWIFT_EMIT_LOC_STRINGS = NO;
				SWIFT_VERSION = 5.0;
				TARGETED_DEVICE_FAMILY = "1,2";
				TEST_TARGET_NAME = part1;
			};
			name = Release;
		};
/* End XCBuildConfiguration section */

/* Begin XCConfigurationList section */
		FD0455742B0F7AB6000C2B23 /* Build configuration list for PBXProject "part1" */ = {
			isa = XCConfigurationList;
			buildConfigurations = (
				FD04559B2B0F7AB7000C2B23 /* Debug */,
				FD04559C2B0F7AB7000C2B23 /* Release */,
			);
			defaultConfigurationIsVisible = 0;
			defaultConfigurationName = Release;
		};
		FD04559D2B0F7AB7000C2B23 /* Build configuration list for PBXNativeTarget "part1" */ = {
			isa = XCConfigurationList;
			buildConfigurations = (
				FD04559E2B0F7AB7000C2B23 /* Debug */,
				FD04559F2B0F7AB7000C2B23 /* Release */,
			);
			defaultConfigurationIsVisible = 0;
			defaultConfigurationName = Release;
		};
		FD0455A02B0F7AB7000C2B23 /* Build configuration list for PBXNativeTarget "part1Tests" */ = {
			isa = XCConfigurationList;
			buildConfigurations = (
				FD0455A12B0F7AB7000C2B23 /* Debug */,
				FD0455A22B0F7AB7000C2B23 /* Release */,
			);
			defaultConfigurationIsVisible = 0;
			defaultConfigurationName = Release;
		};
		FD0455A32B0F7AB7000C2B23 /* Build configuration list for PBXNativeTarget "part1UITests" */ = {
			isa = XCConfigurationList;
			buildConfigurations = (
				FD0455A42B0F7AB7000C2B23 /* Debug */,
				FD0455A52B0F7AB7000C2B23 /* Release */,
			);
			defaultConfigurationIsVisible = 0;
			defaultConfigurationName = Release;
		};
/* End XCConfigurationList section */
	};
	rootObject = FD0455712B0F7AB6000C2B23 /* Project object */;
}
